
Microsoft Visual Studio Solution File, Format Version 12.00
# Visual Studio Version 17
VisualStudioVersion = 17.1.32421.90
MinimumVisualStudioVersion = 10.0.40219.1
Project("{FAE04EC0-301F-11D3-BF4B-00C04F79EFBC}") = "CSharpProjectTMusaev", "CSharpProjectTMusaev\CSharpProjectTMusaev.csproj", "{20622E27-770B-4D3F-B72A-0A42DE32CBBA}"
EndProject
Global
	GlobalSection(SolutionConfigurationPlatforms) = preSolution
		Debug|Any CPU = Debug|Any CPU
		Release|Any CPU = Release|Any CPU
	EndGlobalSection
	GlobalSection(ProjectConfigurationPlatforms) = postSolution
		{20622E27-770B-4D3F-B72A-0A42DE32CBBA}.Debug|Any CPU.ActiveCfg = Debug|Any CPU
		{20622E27-770B-4D3F-B72A-0A42DE32CBBA}.Debug|Any CPU.Build.0 = Debug|Any CPU
		{20622E27-770B-4D3F-B72A-0A42DE32CBBA}.Release|Any CPU.ActiveCfg = Release|Any CPU
		{20622E27-770B-4D3F-B72A-0A42DE32CBBA}.Release|Any CPU.Build.0 = Release|Any CPU
	EndGlobalSection
	GlobalSection(SolutionProperties) = preSolution
		HideSolutionNode = FALSE
	EndGlobalSection
	GlobalSection(ExtensibilityGlobals) = postSolution
		SolutionGuid = {F27FAF6C-DF0A-412A-86F1-81C7F16D13CD}
	EndGlobalSection
EndGlobal
